
Microsoft Visual Studio Solution File, Format Version 12.00
# Visual Studio 2013
VisualStudioVersion = 12.0.21005.1
MinimumVisualStudioVersion = 10.0.40219.1
Project("{FAE04EC0-301F-11D3-BF4B-00C04F79EFBC}") = "My MP3 Compressor", "My MP3 Compressor.csproj", "{0240DDB0-D45B-4AAD-BF42-B9ED13714AF3}"
EndProject
Global
	GlobalSection(SolutionConfigurationPlatforms) = preSolution
		Debug|Any CPU = Debug|Any CPU
		Release|Any CPU = Release|Any CPU
	EndGlobalSection
	GlobalSection(ProjectConfigurationPlatforms) = postSolution
		{0240DDB0-D45B-4AAD-BF42-B9ED13714AF3}.Debug|Any CPU.ActiveCfg = Debug|Any CPU
		{0240DDB0-D45B-4AAD-BF42-B9ED13714AF3}.Debug|Any CPU.Build.0 = Debug|Any CPU
		{0240DDB0-D45B-4AAD-BF42-B9ED13714AF3}.Release|Any CPU.ActiveCfg = Release|Any CPU
		{0240DDB0-D45B-4AAD-BF42-B9ED13714AF3}.Release|Any CPU.Build.0 = Release|Any CPU
	EndGlobalSection
	GlobalSection(SolutionProperties) = preSolution
		HideSolutionNode = FALSE
	EndGlobalSection
EndGlobal
